
Microsoft Visual Studio Solution File, Format Version 12.00
# Visual Studio Version 17
VisualStudioVersion = 17.3.32922.545
MinimumVisualStudioVersion = 10.0.40219.1
Project("{8BC9CEB8-8B4A-11D0-8D11-00A0C91BC942}") = "burbuja 2", "burbuja 2.vcxproj", "{C0E797C4-F742-4EB7-A000-85D7DDB6500C}"
EndProject
Global
	GlobalSection(SolutionConfigurationPlatforms) = preSolution
		Debug|x64 = Debug|x64
		Debug|x86 = Debug|x86
		Release|x64 = Release|x64
		Release|x86 = Release|x86
	EndGlobalSection
	GlobalSection(ProjectConfigurationPlatforms) = postSolution
		{C0E797C4-F742-4EB7-A000-85D7DDB6500C}.Debug|x64.ActiveCfg = Debug|x64
		{C0E797C4-F742-4EB7-A000-85D7DDB6500C}.Debug|x64.Build.0 = Debug|x64
		{C0E797C4-F742-4EB7-A000-85D7DDB6500C}.Debug|x86.ActiveCfg = Debug|Win32
		{C0E797C4-F742-4EB7-A000-85D7DDB6500C}.Debug|x86.Build.0 = Debug|Win32
		{C0E797C4-F742-4EB7-A000-85D7DDB6500C}.Release|x64.ActiveCfg = Release|x64
		{C0E797C4-F742-4EB7-A000-85D7DDB6500C}.Release|x64.Build.0 = Release|x64
		{C0E797C4-F742-4EB7-A000-85D7DDB6500C}.Release|x86.ActiveCfg = Release|Win32
		{C0E797C4-F742-4EB7-A000-85D7DDB6500C}.Release|x86.Build.0 = Release|Win32
	EndGlobalSection
	GlobalSection(SolutionProperties) = preSolution
		HideSolutionNode = FALSE
	EndGlobalSection
	GlobalSection(ExtensibilityGlobals) = postSolution
		SolutionGuid = {6054A7D0-8CEC-4204-8F4C-B607F1D0B638}
	EndGlobalSection
EndGlobal
